
Microsoft Visual Studio Solution File, Format Version 12.00
# Visual Studio Version 17
VisualStudioVersion = 17.0.31903.59
MinimumVisualStudioVersion = 10.0.40219.1
Project("{9A19103F-16F7-4668-BE54-9A1E7A4F7556}") = "Sample.WpfDevelopers.WpfApp", "Sample.WpfDevelopers.WpfApp\Sample.WpfDevelopers.WpfApp.csproj", "{6AB9360E-463F-4813-AACC-C7B9A0EFACA1}"
EndProject
Project("{9A19103F-16F7-4668-BE54-9A1E7A4F7556}") = "Sample.WpfDevelopers.Mc", "Sample.WpfDevelopers.Mc\Sample.WpfDevelopers.Mc.csproj", "{B300D1F7-F60F-4125-9D7F-F710C95C2C53}"
EndProject
Project("{9A19103F-16F7-4668-BE54-9A1E7A4F7556}") = "Gs.WpfDevelopers.Shared", "Gs.WpfDevelopers.Shared\Gs.WpfDevelopers.Shared.csproj", "{D0FA9AA1-0A71-47A5-81A0-5C555C5E5BFA}"
EndProject
Project("{9A19103F-16F7-4668-BE54-9A1E7A4F7556}") = "Sample.WpfDevelopers.LOL", "Sample.WpfDevelopers.LOL\Sample.WpfDevelopers.LOL.csproj", "{EC13B2A5-9B79-477B-9F7B-A2F8FEA64E60}"
EndProject
Project("{9A19103F-16F7-4668-BE54-9A1E7A4F7556}") = "Sample.PluginApp.ConsoleApp", "Sample.PluginApp.ConsoleApp\Sample.PluginApp.ConsoleApp.csproj", "{5916064F-A7FC-46C9-80EC-2A001F520468}"
EndProject
Project("{2150E333-8FDC-42A3-9474-1A3956D46DE8}") = "01 framework", "01 framework", "{8DC79FF9-C30B-4AFA-813B-8E1FECD7241D}"
EndProject
Project("{2150E333-8FDC-42A3-9474-1A3956D46DE8}") = "02 wpf", "02 wpf", "{67E8A675-B70C-4126-B077-B0F9CC05F1F7}"
EndProject
Project("{2150E333-8FDC-42A3-9474-1A3956D46DE8}") = "03 test", "03 test", "{23230AD5-BCDE-4723-BA0C-DBC54293FF02}"
EndProject
Project("{9A19103F-16F7-4668-BE54-9A1E7A4F7556}") = "Gs.LOL", "Gs.LOL\Gs.LOL.csproj", "{BFE03EF6-AA87-407B-A0A2-640808AC14D9}"
EndProject
Project("{9A19103F-16F7-4668-BE54-9A1E7A4F7556}") = "Sample.MauiView", "Sample.MauiView\Sample.MauiView.csproj", "{7E2D2014-BC13-4AEB-B554-E5640C1720CB}"
EndProject
Project("{9A19103F-16F7-4668-BE54-9A1E7A4F7556}") = "Sample.PipeClient.ConsoleApp", "Sample.PipeClient.ConsoleApp\Sample.PipeClient.ConsoleApp.csproj", "{711C514B-10AC-4443-88DC-84927A6E923A}"
EndProject
Project("{9A19103F-16F7-4668-BE54-9A1E7A4F7556}") = "GaloS.Wpf.Core", "GaloS.Wpf.Core\GaloS.Wpf.Core.csproj", "{48D721CA-F321-4272-A3EB-5FDD75E3DEF0}"
EndProject
Project("{9A19103F-16F7-4668-BE54-9A1E7A4F7556}") = "Sample.API", "Sample.API\Sample.API.csproj", "{BF3BD057-D6D8-4621-A006-D4695CCB6E26}"
EndProject
Project("{9A19103F-16F7-4668-BE54-9A1E7A4F7556}") = "Sample.Worker", "Sample.Worker\Sample.Worker.csproj", "{928F52E4-7981-4DD3-8E2F-DC542A617776}"
EndProject
Project("{9A19103F-16F7-4668-BE54-9A1E7A4F7556}") = "Sample.WpfApp", "Sample.WpfApp\Sample.WpfApp.csproj", "{2C31044E-62B0-442E-996E-A8FF1DF66624}"
EndProject
Project("{2150E333-8FDC-42A3-9474-1A3956D46DE8}") = "解决方案项", "解决方案项", "{C63F1F70-0FB9-466C-88F9-269BA1AF8892}"
	ProjectSection(SolutionItems) = preProject
		Directory.Build.props = Directory.Build.props
	EndProjectSection
EndProject
Global
	GlobalSection(SolutionConfigurationPlatforms) = preSolution
		Debug|Any CPU = Debug|Any CPU
		Release|Any CPU = Release|Any CPU
	EndGlobalSection
	GlobalSection(ProjectConfigurationPlatforms) = postSolution
		{6AB9360E-463F-4813-AACC-C7B9A0EFACA1}.Debug|Any CPU.ActiveCfg = Debug|Any CPU
		{6AB9360E-463F-4813-AACC-C7B9A0EFACA1}.Debug|Any CPU.Build.0 = Debug|Any CPU
		{6AB9360E-463F-4813-AACC-C7B9A0EFACA1}.Release|Any CPU.ActiveCfg = Release|Any CPU
		{6AB9360E-463F-4813-AACC-C7B9A0EFACA1}.Release|Any CPU.Build.0 = Release|Any CPU
		{B300D1F7-F60F-4125-9D7F-F710C95C2C53}.Debug|Any CPU.ActiveCfg = Debug|Any CPU
		{B300D1F7-F60F-4125-9D7F-F710C95C2C53}.Debug|Any CPU.Build.0 = Debug|Any CPU
		{B300D1F7-F60F-4125-9D7F-F710C95C2C53}.Release|Any CPU.ActiveCfg = Release|Any CPU
		{B300D1F7-F60F-4125-9D7F-F710C95C2C53}.Release|Any CPU.Build.0 = Release|Any CPU
		{D0FA9AA1-0A71-47A5-81A0-5C555C5E5BFA}.Debug|Any CPU.ActiveCfg = Debug|Any CPU
		{D0FA9AA1-0A71-47A5-81A0-5C555C5E5BFA}.Debug|Any CPU.Build.0 = Debug|Any CPU
		{D0FA9AA1-0A71-47A5-81A0-5C555C5E5BFA}.Release|Any CPU.ActiveCfg = Release|Any CPU
		{D0FA9AA1-0A71-47A5-81A0-5C555C5E5BFA}.Release|Any CPU.Build.0 = Release|Any CPU
		{EC13B2A5-9B79-477B-9F7B-A2F8FEA64E60}.Debug|Any CPU.ActiveCfg = Debug|Any CPU
		{EC13B2A5-9B79-477B-9F7B-A2F8FEA64E60}.Debug|Any CPU.Build.0 = Debug|Any CPU
		{EC13B2A5-9B79-477B-9F7B-A2F8FEA64E60}.Release|Any CPU.ActiveCfg = Release|Any CPU
		{EC13B2A5-9B79-477B-9F7B-A2F8FEA64E60}.Release|Any CPU.Build.0 = Release|Any CPU
		{5916064F-A7FC-46C9-80EC-2A001F520468}.Debug|Any CPU.ActiveCfg = Debug|Any CPU
		{5916064F-A7FC-46C9-80EC-2A001F520468}.Debug|Any CPU.Build.0 = Debug|Any CPU
		{5916064F-A7FC-46C9-80EC-2A001F520468}.Release|Any CPU.ActiveCfg = Release|Any CPU
		{5916064F-A7FC-46C9-80EC-2A001F520468}.Release|Any CPU.Build.0 = Release|Any CPU
		{BFE03EF6-AA87-407B-A0A2-640808AC14D9}.Debug|Any CPU.ActiveCfg = Debug|Any CPU
		{BFE03EF6-AA87-407B-A0A2-640808AC14D9}.Debug|Any CPU.Build.0 = Debug|Any CPU
		{BFE03EF6-AA87-407B-A0A2-640808AC14D9}.Release|Any CPU.ActiveCfg = Release|Any CPU
		{BFE03EF6-AA87-407B-A0A2-640808AC14D9}.Release|Any CPU.Build.0 = Release|Any CPU
		{7E2D2014-BC13-4AEB-B554-E5640C1720CB}.Debug|Any CPU.ActiveCfg = Debug|Any CPU
		{7E2D2014-BC13-4AEB-B554-E5640C1720CB}.Debug|Any CPU.Build.0 = Debug|Any CPU
		{7E2D2014-BC13-4AEB-B554-E5640C1720CB}.Debug|Any CPU.Deploy.0 = Debug|Any CPU
		{7E2D2014-BC13-4AEB-B554-E5640C1720CB}.Release|Any CPU.ActiveCfg = Release|Any CPU
		{7E2D2014-BC13-4AEB-B554-E5640C1720CB}.Release|Any CPU.Build.0 = Release|Any CPU
		{7E2D2014-BC13-4AEB-B554-E5640C1720CB}.Release|Any CPU.Deploy.0 = Release|Any CPU
		{711C514B-10AC-4443-88DC-84927A6E923A}.Debug|Any CPU.ActiveCfg = Debug|Any CPU
		{711C514B-10AC-4443-88DC-84927A6E923A}.Debug|Any CPU.Build.0 = Debug|Any CPU
		{711C514B-10AC-4443-88DC-84927A6E923A}.Release|Any CPU.ActiveCfg = Release|Any CPU
		{711C514B-10AC-4443-88DC-84927A6E923A}.Release|Any CPU.Build.0 = Release|Any CPU
		{48D721CA-F321-4272-A3EB-5FDD75E3DEF0}.Debug|Any CPU.ActiveCfg = Debug|Any CPU
		{48D721CA-F321-4272-A3EB-5FDD75E3DEF0}.Debug|Any CPU.Build.0 = Debug|Any CPU
		{48D721CA-F321-4272-A3EB-5FDD75E3DEF0}.Release|Any CPU.ActiveCfg = Release|Any CPU
		{48D721CA-F321-4272-A3EB-5FDD75E3DEF0}.Release|Any CPU.Build.0 = Release|Any CPU
		{BF3BD057-D6D8-4621-A006-D4695CCB6E26}.Debug|Any CPU.ActiveCfg = Debug|Any CPU
		{BF3BD057-D6D8-4621-A006-D4695CCB6E26}.Debug|Any CPU.Build.0 = Debug|Any CPU
		{BF3BD057-D6D8-4621-A006-D4695CCB6E26}.Release|Any CPU.ActiveCfg = Release|Any CPU
		{BF3BD057-D6D8-4621-A006-D4695CCB6E26}.Release|Any CPU.Build.0 = Release|Any CPU
		{928F52E4-7981-4DD3-8E2F-DC542A617776}.Debug|Any CPU.ActiveCfg = Debug|Any CPU
		{928F52E4-7981-4DD3-8E2F-DC542A617776}.Debug|Any CPU.Build.0 = Debug|Any CPU
		{928F52E4-7981-4DD3-8E2F-DC542A617776}.Release|Any CPU.ActiveCfg = Release|Any CPU
		{928F52E4-7981-4DD3-8E2F-DC542A617776}.Release|Any CPU.Build.0 = Release|Any CPU
		{2C31044E-62B0-442E-996E-A8FF1DF66624}.Debug|Any CPU.ActiveCfg = Debug|Any CPU
		{2C31044E-62B0-442E-996E-A8FF1DF66624}.Debug|Any CPU.Build.0 = Debug|Any CPU
		{2C31044E-62B0-442E-996E-A8FF1DF66624}.Release|Any CPU.ActiveCfg = Release|Any CPU
		{2C31044E-62B0-442E-996E-A8FF1DF66624}.Release|Any CPU.Build.0 = Release|Any CPU
	EndGlobalSection
	GlobalSection(SolutionProperties) = preSolution
		HideSolutionNode = FALSE
	EndGlobalSection
	GlobalSection(NestedProjects) = preSolution
		{6AB9360E-463F-4813-AACC-C7B9A0EFACA1} = {67E8A675-B70C-4126-B077-B0F9CC05F1F7}
		{B300D1F7-F60F-4125-9D7F-F710C95C2C53} = {67E8A675-B70C-4126-B077-B0F9CC05F1F7}
		{D0FA9AA1-0A71-47A5-81A0-5C555C5E5BFA} = {8DC79FF9-C30B-4AFA-813B-8E1FECD7241D}
		{EC13B2A5-9B79-477B-9F7B-A2F8FEA64E60} = {67E8A675-B70C-4126-B077-B0F9CC05F1F7}
		{5916064F-A7FC-46C9-80EC-2A001F520468} = {23230AD5-BCDE-4723-BA0C-DBC54293FF02}
		{BFE03EF6-AA87-407B-A0A2-640808AC14D9} = {8DC79FF9-C30B-4AFA-813B-8E1FECD7241D}
		{7E2D2014-BC13-4AEB-B554-E5640C1720CB} = {23230AD5-BCDE-4723-BA0C-DBC54293FF02}
		{711C514B-10AC-4443-88DC-84927A6E923A} = {23230AD5-BCDE-4723-BA0C-DBC54293FF02}
		{48D721CA-F321-4272-A3EB-5FDD75E3DEF0} = {8DC79FF9-C30B-4AFA-813B-8E1FECD7241D}
		{BF3BD057-D6D8-4621-A006-D4695CCB6E26} = {23230AD5-BCDE-4723-BA0C-DBC54293FF02}
		{928F52E4-7981-4DD3-8E2F-DC542A617776} = {23230AD5-BCDE-4723-BA0C-DBC54293FF02}
		{2C31044E-62B0-442E-996E-A8FF1DF66624} = {23230AD5-BCDE-4723-BA0C-DBC54293FF02}
	EndGlobalSection
	GlobalSection(ExtensibilityGlobals) = postSolution
		SolutionGuid = {C57BA8B6-ED37-401E-B306-BEEA89EEE6DC}
	EndGlobalSection
EndGlobal
